# This file was autogenerated by Stack.
# You should not edit this file by hand.
# For more information, please see the documentation at:
#   https://docs.haskellstack.org/en/stable/lock_files

packages:
- completed:
    hackage: cml-0.1.3@sha256:ee6bdb0e5b7f43a17e00b19a289f99e09d040880b92a195092df0c9717cd25bc,968
    pantry-tree:
      size: 305
      sha256: 7c3e897c41097f82b1fae78ebb867bb92a69db738d431593754487d796fa1a34
  original:
    hackage: cml-0.1.3@sha256:ee6bdb0e5b7f43a17e00b19a289f99e09d040880b92a195092df0c9717cd25bc,968
snapshots:
- completed:
    size: 497078
    url: https://raw.githubusercontent.com/commercialhaskell/stackage-snapshots/master/lts/13/14.yaml
    sha256: 9e5ba48e5188aeb52bb0df9bc65dbd858a12c33f5b8d495a3eb588dc9ffcb15a
  original: lts-13.14
